
Microsoft Visual Studio Solution File, Format Version 12.00
# Visual Studio Version 17
VisualStudioVersion = 17.5.002.0
MinimumVisualStudioVersion = 10.0.40219.1
Project("{9A19103F-16F7-4668-BE54-9A1E7A4F7556}") = "EF_ToDo", "EF_ToDo.csproj", "{128FB421-466B-4D95-93CE-D4B699AE1859}"
EndProject
Global
	GlobalSection(SolutionConfigurationPlatforms) = preSolution
		Debug|Any CPU = Debug|Any CPU
		Release|Any CPU = Release|Any CPU
	EndGlobalSection
	GlobalSection(ProjectConfigurationPlatforms) = postSolution
		{128FB421-466B-4D95-93CE-D4B699AE1859}.Debug|Any CPU.ActiveCfg = Debug|Any CPU
		{128FB421-466B-4D95-93CE-D4B699AE1859}.Debug|Any CPU.Build.0 = Debug|Any CPU
		{128FB421-466B-4D95-93CE-D4B699AE1859}.Release|Any CPU.ActiveCfg = Release|Any CPU
		{128FB421-466B-4D95-93CE-D4B699AE1859}.Release|Any CPU.Build.0 = Release|Any CPU
	EndGlobalSection
	GlobalSection(SolutionProperties) = preSolution
		HideSolutionNode = FALSE
	EndGlobalSection
	GlobalSection(ExtensibilityGlobals) = postSolution
		SolutionGuid = {8781ED3E-C767-4B55-8677-5F27ADF5DA78}
	EndGlobalSection
EndGlobal
